// !$*UTF8*$!
{
	archiveVersion = 1;
	classes = {
	};
	objectVersion = 77;
	objects = {

/* Begin PBXContainerItemProxy section */
		9A162EEA2CB77524009D71C0 /* PBXContainerItemProxy */ = {
			isa = PBXContainerItemProxy;
			containerPortal = 9A162ED12CB77523009D71C0 /* Project object */;
			proxyType = 1;
			remoteGlobalIDString = 9A162ED82CB77523009D71C0;
			remoteInfo = ScreenshotAnimation;
		};
		9A162EF42CB77524009D71C0 /* PBXContainerItemProxy */ = {
			isa = PBXContainerItemProxy;
			containerPortal = 9A162ED12CB77523009D71C0 /* Project object */;
			proxyType = 1;
			remoteGlobalIDString = 9A162ED82CB77523009D71C0;
			remoteInfo = ScreenshotAnimation;
		};
/* End PBXContainerItemProxy section */

/* Begin PBXFileReference section */
		9A162ED92CB77523009D71C0 /* ScreenshotAnimation.app */ = {isa = PBXFileReference; explicitFileType = wrapper.application; includeInIndex = 0; path = ScreenshotAnimation.app; sourceTree = BUILT_PRODUCTS_DIR; };
		9A162EE92CB77524009D71C0 /* ScreenshotAnimationTests.xctest */ = {isa = PBXFileReference; explicitFileType = wrapper.cfbundle; includeInIndex = 0; path = ScreenshotAnimationTests.xctest; sourceTree = BUILT_PRODUCTS_DIR; };
		9A162EF32CB77524009D71C0 /* ScreenshotAnimationUITests.xctest */ = {isa = PBXFileReference; explicitFileType = wrapper.cfbundle; includeInIndex = 0; path = ScreenshotAnimationUITests.xctest; sourceTree = BUILT_PRODUCTS_DIR; };
/* End PBXFileReference section */

/* Begin PBXFileSystemSynchronizedRootGroup section */
		9A162EDB2CB77523009D71C0 /* ScreenshotAnimation */ = {
			isa = PBXFileSystemSynchronizedRootGroup;
			path = ScreenshotAnimation;
			sourceTree = "<group>";
		};
		9A162EEC2CB77524009D71C0 /* ScreenshotAnimationTests */ = {
			isa = PBXFileSystemSynchronizedRootGroup;
			path = ScreenshotAnimationTests;
			sourceTree = "<group>";
		};
		9A162EF62CB77524009D71C0 /* ScreenshotAnimationUITests */ = {
			isa = PBXFileSystemSynchronizedRootGroup;
			path = ScreenshotAnimationUITests;
			sourceTree = "<group>";
		};
/* End PBXFileSystemSynchronizedRootGroup section */

/* Begin PBXFrameworksBuildPhase section */
		9A162ED62CB77523009D71C0 /* Frameworks */ = {
			isa = PBXFrameworksBuildPhase;
			buildActionMask = 2147483647;
			files = (
			);
			runOnlyForDeploymentPostprocessing = 0;
		};
		9A162EE62CB77524009D71C0 /* Frameworks */ = {
			isa = PBXFrameworksBuildPhase;
			buildActionMask = 2147483647;
			files = (
			);
			runOnlyForDeploymentPostprocessing = 0;
		};
		9A162EF02CB77524009D71C0 /* Frameworks */ = {
			isa = PBXFrameworksBuildPhase;
			buildActionMask = 2147483647;
			files = (
			);
			runOnlyForDeploymentPostprocessing = 0;
		};
/* End PBXFrameworksBuildPhase section */

/* Begin PBXGroup section */
		9A162ED02CB77523009D71C0 = {
			isa = PBXGroup;
			children = (
				9A162EDB2CB77523009D71C0 /* ScreenshotAnimation */,
				9A162EEC2CB77524009D71C0 /* ScreenshotAnimationTests */,
				9A162EF62CB77524009D71C0 /* ScreenshotAnimationUITests */,
				9A162EDA2CB77523009D71C0 /* Products */,
			);
			sourceTree = "<group>";
		};
		9A162EDA2CB77523009D71C0 /* Products */ = {
			isa = PBXGroup;
			children = (
				9A162ED92CB77523009D71C0 /* ScreenshotAnimation.app */,
				9A162EE92CB77524009D71C0 /* ScreenshotAnimationTests.xctest */,
				9A162EF32CB77524009D71C0 /* ScreenshotAnimationUITests.xctest */,
			);
			name = Products;
			sourceTree = "<group>";
		};
/* End PBXGroup section */

/* Begin PBXNativeTarget section */
		9A162ED82CB77523009D71C0 /* ScreenshotAnimation */ = {
			isa = PBXNativeTarget;
			buildConfigurationList = 9A162EFD2CB77524009D71C0 /* Build configuration list for PBXNativeTarget "ScreenshotAnimation" */;
			buildPhases = (
				9A162ED52CB77523009D71C0 /* Sources */,
				9A162ED62CB77523009D71C0 /* Frameworks */,
				9A162ED72CB77523009D71C0 /* Resources */,
			);
			buildRules = (
			);
			dependencies = (
			);
			fileSystemSynchronizedGroups = (
				9A162EDB2CB77523009D71C0 /* ScreenshotAnimation */,
			);
			name = ScreenshotAnimation;
			packageProductDependencies = (
			);
			productName = ScreenshotAnimation;
			productReference = 9A162ED92CB77523009D71C0 /* ScreenshotAnimation.app */;
			productType = "com.apple.product-type.application";
		};
		9A162EE82CB77524009D71C0 /* ScreenshotAnimationTests */ = {
			isa = PBXNativeTarget;
			buildConfigurationList = 9A162F002CB77524009D71C0 /* Build configuration list for PBXNativeTarget "ScreenshotAnimationTests" */;
			buildPhases = (
				9A162EE52CB77524009D71C0 /* Sources */,
				9A162EE62CB77524009D71C0 /* Frameworks */,
				9A162EE72CB77524009D71C0 /* Resources */,
			);
			buildRules = (
			);
			dependencies = (
				9A162EEB2CB77524009D71C0 /* PBXTargetDependency */,
			);
			fileSystemSynchronizedGroups = (
				9A162EEC2CB77524009D71C0 /* ScreenshotAnimationTests */,
			);
			name = ScreenshotAnimationTests;
			packageProductDependencies = (
			);
			productName = ScreenshotAnimationTests;
			productReference = 9A162EE92CB77524009D71C0 /* ScreenshotAnimationTests.xctest */;
			productType = "com.apple.product-type.bundle.unit-test";
		};
		9A162EF22CB77524009D71C0 /* ScreenshotAnimationUITests */ = {
			isa = PBXNativeTarget;
			buildConfigurationList = 9A162F032CB77524009D71C0 /* Build configuration list for PBXNativeTarget "ScreenshotAnimationUITests" */;
			buildPhases = (
				9A162EEF2CB77524009D71C0 /* Sources */,
				9A162EF02CB77524009D71C0 /* Frameworks */,
				9A162EF12CB77524009D71C0 /* Resources */,
			);
			buildRules = (
			);
			dependencies = (
				9A162EF52CB77524009D71C0 /* PBXTargetDependency */,
			);
			fileSystemSynchronizedGroups = (
				9A162EF62CB77524009D71C0 /* ScreenshotAnimationUITests */,
			);
			name = ScreenshotAnimationUITests;
			packageProductDependencies = (
			);
			productName = ScreenshotAnimationUITests;
			productReference = 9A162EF32CB77524009D71C0 /* ScreenshotAnimationUITests.xctest */;
			productType = "com.apple.product-type.bundle.ui-testing";
		};
/* End PBXNativeTarget section */

/* Begin PBXProject section */
		9A162ED12CB77523009D71C0 /* Project object */ = {
			isa = PBXProject;
			attributes = {
				BuildIndependentTargetsInParallel = 1;
				LastSwiftUpdateCheck = 1600;
				LastUpgradeCheck = 1600;
				TargetAttributes = {
					9A162ED82CB77523009D71C0 = {
						CreatedOnToolsVersion = 16.0;
					};
					9A162EE82CB77524009D71C0 = {
						CreatedOnToolsVersion = 16.0;
						TestTargetID = 9A162ED82CB77523009D71C0;
					};
					9A162EF22CB77524009D71C0 = {
						CreatedOnToolsVersion = 16.0;
						TestTargetID = 9A162ED82CB77523009D71C0;
					};
				};
			};
			buildConfigurationList = 9A162ED42CB77523009D71C0 /* Build configuration list for PBXProject "ScreenshotAnimation" */;
			developmentRegion = en;
			hasScannedForEncodings = 0;
			knownRegions = (
				en,
				Base,
			);
			mainGroup = 9A162ED02CB77523009D71C0;
			minimizedProjectReferenceProxies = 1;
			preferredProjectObjectVersion = 77;
			productRefGroup = 9A162EDA2CB77523009D71C0 /* Products */;
			projectDirPath = "";
			projectRoot = "";
			targets = (
				9A162ED82CB77523009D71C0 /* ScreenshotAnimation */,
				9A162EE82CB77524009D71C0 /* ScreenshotAnimationTests */,
				9A162EF22CB77524009D71C0 /* ScreenshotAnimationUITests */,
			);
		};
/* End PBXProject section */

/* Begin PBXResourcesBuildPhase section */
		9A162ED72CB77523009D71C0 /* Resources */ = {
			isa = PBXResourcesBuildPhase;
			buildActionMask = 2147483647;
			files = (
			);
			runOnlyForDeploymentPostprocessing = 0;
		};
		9A162EE72CB77524009D71C0 /* Resources */ = {
			isa = PBXResourcesBuildPhase;
			buildActionMask = 2147483647;
			files = (
			);
			runOnlyForDeploymentPostprocessing = 0;
		};
		9A162EF12CB77524009D71C0 /* Resources */ = {
			isa = PBXResourcesBuildPhase;
			buildActionMask = 2147483647;
			files = (
			);
			runOnlyForDeploymentPostprocessing = 0;
		};
/* End PBXResourcesBuildPhase section */

/* Begin PBXSourcesBuildPhase section */
		9A162ED52CB77523009D71C0 /* Sources */ = {
			isa = PBXSourcesBuildPhase;
			buildActionMask = 2147483647;
			files = (
			);
			runOnlyForDeploymentPostprocessing = 0;
		};
		9A162EE52CB77524009D71C0 /* Sources */ = {
			isa = PBXSourcesBuildPhase;
			buildActionMask = 2147483647;
			files = (
			);
			runOnlyForDeploymentPostprocessing = 0;
		};
		9A162EEF2CB77524009D71C0 /* Sources */ = {
			isa = PBXSourcesBuildPhase;
			buildActionMask = 2147483647;
			files = (
			);
			runOnlyForDeploymentPostprocessing = 0;
		};
/* End PBXSourcesBuildPhase section */

/* Begin PBXTargetDependency section */
		9A162EEB2CB77524009D71C0 /* PBXTargetDependency */ = {
			isa = PBXTargetDependency;
			target = 9A162ED82CB77523009D71C0 /* ScreenshotAnimation */;
			targetProxy = 9A162EEA2CB77524009D71C0 /* PBXContainerItemProxy */;
		};
		9A162EF52CB77524009D71C0 /* PBXTargetDependency */ = {
			isa = PBXTargetDependency;
			target = 9A162ED82CB77523009D71C0 /* ScreenshotAnimation */;
			targetProxy = 9A162EF42CB77524009D71C0 /* PBXContainerItemProxy */;
		};
/* End PBXTargetDependency section */

/* Begin XCBuildConfiguration section */
		9A162EFB2CB77524009D71C0 /* Debug */ = {
			isa = XCBuildConfiguration;
			buildSettings = {
				ALWAYS_SEARCH_USER_PATHS = NO;
				ASSETCATALOG_COMPILER_GENERATE_SWIFT_ASSET_SYMBOL_EXTENSIONS = YES;
				CLANG_ANALYZER_NONNULL = YES;
				CLANG_ANALYZER_NUMBER_OBJECT_CONVERSION = YES_AGGRESSIVE;
				CLANG_CXX_LANGUAGE_STANDARD = "gnu++20";
				CLANG_ENABLE_MODULES = YES;
				CLANG_ENABLE_OBJC_ARC = YES;
				CLANG_ENABLE_OBJC_WEAK = YES;
				CLANG_WARN_BLOCK_CAPTURE_AUTORELEASING = YES;
				CLANG_WARN_BOOL_CONVERSION = YES;
				CLANG_WARN_COMMA = YES;
				CLANG_WARN_CONSTANT_CONVERSION = YES;
				CLANG_WARN_DEPRECATED_OBJC_IMPLEMENTATIONS = YES;
				CLANG_WARN_DIRECT_OBJC_ISA_USAGE = YES_ERROR;
				CLANG_WARN_DOCUMENTATION_COMMENTS = YES;
				CLANG_WARN_EMPTY_BODY = YES;
				CLANG_WARN_ENUM_CONVERSION = YES;
				CLANG_WARN_INFINITE_RECURSION = YES;
				CLANG_WARN_INT_CONVERSION = YES;
				CLANG_WARN_NON_LITERAL_NULL_CONVERSION = YES;
				CLANG_WARN_OBJC_IMPLICIT_RETAIN_SELF = YES;
				CLANG_WARN_OBJC_LITERAL_CONVERSION = YES;
				CLANG_WARN_OBJC_ROOT_CLASS = YES_ERROR;
				CLANG_WARN_QUOTED_INCLUDE_IN_FRAMEWORK_HEADER = YES;
				CLANG_WARN_RANGE_LOOP_ANALYSIS = YES;
				CLANG_WARN_STRICT_PROTOTYPES = YES;
				CLANG_WARN_SUSPICIOUS_MOVE = YES;
				CLANG_WARN_UNGUARDED_AVAILABILITY = YES_AGGRESSIVE;
				CLANG_WARN_UNREACHABLE_CODE = YES;
				CLANG_WARN__DUPLICATE_METHOD_MATCH = YES;
				COPY_PHASE_STRIP = NO;
				DEBUG_INFORMATION_FORMAT = dwarf;
				ENABLE_STRICT_OBJC_MSGSEND = YES;
				ENABLE_TESTABILITY = YES;
				ENABLE_USER_SCRIPT_SANDBOXING = YES;
				GCC_C_LANGUAGE_STANDARD = gnu17;
				GCC_DYNAMIC_NO_PIC = NO;
				GCC_NO_COMMON_BLOCKS = YES;
				GCC_OPTIMIZATION_LEVEL = 0;
				GCC_PREPROCESSOR_DEFINITIONS = (
					"DEBUG=1",
					"$(inherited)",
				);
				GCC_WARN_64_TO_32_BIT_CONVERSION = YES;
				GCC_WARN_ABOUT_RETURN_TYPE = YES_ERROR;
				GCC_WARN_UNDECLARED_SELECTOR = YES;
				GCC_WARN_UNINITIALIZED_AUTOS = YES_AGGRESSIVE;
				GCC_WARN_UNUSED_FUNCTION = YES;
				GCC_WARN_UNUSED_VARIABLE = YES;
				IPHONEOS_DEPLOYMENT_TARGET = 18.0;
				LOCALIZATION_PREFERS_STRING_CATALOGS = YES;
				MTL_ENABLE_DEBUG_INFO = INCLUDE_SOURCE;
				MTL_FAST_MATH = YES;
				ONLY_ACTIVE_ARCH = YES;
				SDKROOT = iphoneos;
				SWIFT_ACTIVE_COMPILATION_CONDITIONS = "DEBUG $(inherited)";
				SWIFT_OPTIMIZATION_LEVEL = "-Onone";
			};
			name = Debug;
		};
		9A162EFC2CB77524009D71C0 /* Release */ = {
			isa = XCBuildConfiguration;
			buildSettings = {
				ALWAYS_SEARCH_USER_PATHS = NO;
				ASSETCATALOG_COMPILER_GENERATE_SWIFT_ASSET_SYMBOL_EXTENSIONS = YES;
				CLANG_ANALYZER_NONNULL = YES;
				CLANG_ANALYZER_NUMBER_OBJECT_CONVERSION = YES_AGGRESSIVE;
				CLANG_CXX_LANGUAGE_STANDARD = "gnu++20";
				CLANG_ENABLE_MODULES = YES;
				CLANG_ENABLE_OBJC_ARC = YES;
				CLANG_ENABLE_OBJC_WEAK = YES;
				CLANG_WARN_BLOCK_CAPTURE_AUTORELEASING = YES;
				CLANG_WARN_BOOL_CONVERSION = YES;
				CLANG_WARN_COMMA = YES;
				CLANG_WARN_CONSTANT_CONVERSION = YES;
				CLANG_WARN_DEPRECATED_OBJC_IMPLEMENTATIONS = YES;
				CLANG_WARN_DIRECT_OBJC_ISA_USAGE = YES_ERROR;
				CLANG_WARN_DOCUMENTATION_COMMENTS = YES;
				CLANG_WARN_EMPTY_BODY = YES;
				CLANG_WARN_ENUM_CONVERSION = YES;
				CLANG_WARN_INFINITE_RECURSION = YES;
				CLANG_WARN_INT_CONVERSION = YES;
				CLANG_WARN_NON_LITERAL_NULL_CONVERSION = YES;
				CLANG_WARN_OBJC_IMPLICIT_RETAIN_SELF = YES;
				CLANG_WARN_OBJC_LITERAL_CONVERSION = YES;
				CLANG_WARN_OBJC_ROOT_CLASS = YES_ERROR;
				CLANG_WARN_QUOTED_INCLUDE_IN_FRAMEWORK_HEADER = YES;
				CLANG_WARN_RANGE_LOOP_ANALYSIS = YES;
				CLANG_WARN_STRICT_PROTOTYPES = YES;
				CLANG_WARN_SUSPICIOUS_MOVE = YES;
				CLANG_WARN_UNGUARDED_AVAILABILITY = YES_AGGRESSIVE;
				CLANG_WARN_UNREACHABLE_CODE = YES;
				CLANG_WARN__DUPLICATE_METHOD_MATCH = YES;
				COPY_PHASE_STRIP = NO;
				DEBUG_INFORMATION_FORMAT = "dwarf-with-dsym";
				ENABLE_NS_ASSERTIONS = NO;
				ENABLE_STRICT_OBJC_MSGSEND = YES;
				ENABLE_USER_SCRIPT_SANDBOXING = YES;
				GCC_C_LANGUAGE_STANDARD = gnu17;
				GCC_NO_COMMON_BLOCKS = YES;
				GCC_WARN_64_TO_32_BIT_CONVERSION = YES;
				GCC_WARN_ABOUT_RETURN_TYPE = YES_ERROR;
				GCC_WARN_UNDECLARED_SELECTOR = YES;
				GCC_WARN_UNINITIALIZED_AUTOS = YES_AGGRESSIVE;
				GCC_WARN_UNUSED_FUNCTION = YES;
				GCC_WARN_UNUSED_VARIABLE = YES;
				IPHONEOS_DEPLOYMENT_TARGET = 18.0;
				LOCALIZATION_PREFERS_STRING_CATALOGS = YES;
				MTL_ENABLE_DEBUG_INFO = NO;
				MTL_FAST_MATH = YES;
				SDKROOT = iphoneos;
				SWIFT_COMPILATION_MODE = wholemodule;
				VALIDATE_PRODUCT = YES;
			};
			name = Release;
		};
		9A162EFE2CB77524009D71C0 /* Debug */ = {
			isa = XCBuildConfiguration;
			buildSettings = {
				ASSETCATALOG_COMPILER_APPICON_NAME = AppIcon;
				ASSETCATALOG_COMPILER_GLOBAL_ACCENT_COLOR_NAME = AccentColor;
				CODE_SIGN_STYLE = Automatic;
				CURRENT_PROJECT_VERSION = 1;
				DEVELOPMENT_ASSET_PATHS = "\"ScreenshotAnimation/Preview Content\"";
				DEVELOPMENT_TEAM = 7QDTX5YY5K;
				ENABLE_PREVIEWS = YES;
				GENERATE_INFOPLIST_FILE = YES;
				INFOPLIST_KEY_UIApplicationSceneManifest_Generation = YES;
				INFOPLIST_KEY_UIApplicationSupportsIndirectInputEvents = YES;
				INFOPLIST_KEY_UILaunchScreen_Generation = YES;
				INFOPLIST_KEY_UISupportedInterfaceOrientations_iPad = "UIInterfaceOrientationPortrait UIInterfaceOrientationPortraitUpsideDown UIInterfaceOrientationLandscapeLeft UIInterfaceOrientationLandscapeRight";
				INFOPLIST_KEY_UISupportedInterfaceOrientations_iPhone = "UIInterfaceOrientationPortrait UIInterfaceOrientationLandscapeLeft UIInterfaceOrientationLandscapeRight";
				IPHONEOS_DEPLOYMENT_TARGET = 15.0;
				LD_RUNPATH_SEARCH_PATHS = (
					"$(inherited)",
					"@executable_path/Frameworks",
				);
				MARKETING_VERSION = 1.0;
				PRODUCT_BUNDLE_IDENTIFIER = org.GiANTLEAP.ScreenshotAnimation;
				PRODUCT_NAME = "$(TARGET_NAME)";
				SWIFT_EMIT_LOC_STRINGS = YES;
				SWIFT_VERSION = 5.0;
				TARGETED_DEVICE_FAMILY = "1,2";
			};
			name = Debug;
		};
		9A162EFF2CB77524009D71C0 /* Release */ = {
			isa = XCBuildConfiguration;
			buildSettings = {
				ASSETCATALOG_COMPILER_APPICON_NAME = AppIcon;
				ASSETCATALOG_COMPILER_GLOBAL_ACCENT_COLOR_NAME = AccentColor;
				CODE_SIGN_STYLE = Automatic;
				CURRENT_PROJECT_VERSION = 1;
				DEVELOPMENT_ASSET_PATHS = "\"ScreenshotAnimation/Preview Content\"";
				DEVELOPMENT_TEAM = 7QDTX5YY5K;
				ENABLE_PREVIEWS = YES;
				GENERATE_INFOPLIST_FILE = YES;
				INFOPLIST_KEY_UIApplicationSceneManifest_Generation = YES;
				INFOPLIST_KEY_UIApplicationSupportsIndirectInputEvents = YES;
				INFOPLIST_KEY_UILaunchScreen_Generation = YES;
				INFOPLIST_KEY_UISupportedInterfaceOrientations_iPad = "UIInterfaceOrientationPortrait UIInterfaceOrientationPortraitUpsideDown UIInterfaceOrientationLandscapeLeft UIInterfaceOrientationLandscapeRight";
				INFOPLIST_KEY_UISupportedInterfaceOrientations_iPhone = "UIInterfaceOrientationPortrait UIInterfaceOrientationLandscapeLeft UIInterfaceOrientationLandscapeRight";
				IPHONEOS_DEPLOYMENT_TARGET = 15.0;
				LD_RUNPATH_SEARCH_PATHS = (
					"$(inherited)",
					"@executable_path/Frameworks",
				);
				MARKETING_VERSION = 1.0;
				PRODUCT_BUNDLE_IDENTIFIER = org.GiANTLEAP.ScreenshotAnimation;
				PRODUCT_NAME = "$(TARGET_NAME)";
				SWIFT_EMIT_LOC_STRINGS = YES;
				SWIFT_VERSION = 5.0;
				TARGETED_DEVICE_FAMILY = "1,2";
			};
			name = Release;
		};
		9A162F012CB77524009D71C0 /* Debug */ = {
			isa = XCBuildConfiguration;
			buildSettings = {
				BUNDLE_LOADER = "$(TEST_HOST)";
				CODE_SIGN_STYLE = Automatic;
				CURRENT_PROJECT_VERSION = 1;
				DEVELOPMENT_TEAM = 7QDTX5YY5K;
				GENERATE_INFOPLIST_FILE = YES;
				IPHONEOS_DEPLOYMENT_TARGET = 18.0;
				MARKETING_VERSION = 1.0;
				PRODUCT_BUNDLE_IDENTIFIER = org.GiANTLEAP.ScreenshotAnimationTests;
				PRODUCT_NAME = "$(TARGET_NAME)";
				SWIFT_EMIT_LOC_STRINGS = NO;
				SWIFT_VERSION = 5.0;
				TARGETED_DEVICE_FAMILY = "1,2";
				TEST_HOST = "$(BUILT_PRODUCTS_DIR)/ScreenshotAnimation.app/$(BUNDLE_EXECUTABLE_FOLDER_PATH)/ScreenshotAnimation";
			};
			name = Debug;
		};
		9A162F022CB77524009D71C0 /* Release */ = {
			isa = XCBuildConfiguration;
			buildSettings = {
				BUNDLE_LOADER = "$(TEST_HOST)";
				CODE_SIGN_STYLE = Automatic;
				CURRENT_PROJECT_VERSION = 1;
				DEVELOPMENT_TEAM = 7QDTX5YY5K;
				GENERATE_INFOPLIST_FILE = YES;
				IPHONEOS_DEPLOYMENT_TARGET = 18.0;
				MARKETING_VERSION = 1.0;
				PRODUCT_BUNDLE_IDENTIFIER = org.GiANTLEAP.ScreenshotAnimationTests;
				PRODUCT_NAME = "$(TARGET_NAME)";
				SWIFT_EMIT_LOC_STRINGS = NO;
				SWIFT_VERSION = 5.0;
				TARGETED_DEVICE_FAMILY = "1,2";
				TEST_HOST = "$(BUILT_PRODUCTS_DIR)/ScreenshotAnimation.app/$(BUNDLE_EXECUTABLE_FOLDER_PATH)/ScreenshotAnimation";
			};
			name = Release;
		};
		9A162F042CB77524009D71C0 /* Debug */ = {
			isa = XCBuildConfiguration;
			buildSettings = {
				CODE_SIGN_STYLE = Automatic;
				CURRENT_PROJECT_VERSION = 1;
				DEVELOPMENT_TEAM = 7QDTX5YY5K;
				GENERATE_INFOPLIST_FILE = YES;
				MARKETING_VERSION = 1.0;
				PRODUCT_BUNDLE_IDENTIFIER = org.GiANTLEAP.ScreenshotAnimationUITests;
				PRODUCT_NAME = "$(TARGET_NAME)";
				SWIFT_EMIT_LOC_STRINGS = NO;
				SWIFT_VERSION = 5.0;
				TARGETED_DEVICE_FAMILY = "1,2";
				TEST_TARGET_NAME = ScreenshotAnimation;
			};
			name = Debug;
		};
		9A162F052CB77524009D71C0 /* Release */ = {
			isa = XCBuildConfiguration;
			buildSettings = {
				CODE_SIGN_STYLE = Automatic;
				CURRENT_PROJECT_VERSION = 1;
				DEVELOPMENT_TEAM = 7QDTX5YY5K;
				GENERATE_INFOPLIST_FILE = YES;
				MARKETING_VERSION = 1.0;
				PRODUCT_BUNDLE_IDENTIFIER = org.GiANTLEAP.ScreenshotAnimationUITests;
				PRODUCT_NAME = "$(TARGET_NAME)";
				SWIFT_EMIT_LOC_STRINGS = NO;
				SWIFT_VERSION = 5.0;
				TARGETED_DEVICE_FAMILY = "1,2";
				TEST_TARGET_NAME = ScreenshotAnimation;
			};
			name = Release;
		};
/* End XCBuildConfiguration section */

/* Begin XCConfigurationList section */
		9A162ED42CB77523009D71C0 /* Build configuration list for PBXProject "ScreenshotAnimation" */ = {
			isa = XCConfigurationList;
			buildConfigurations = (
				9A162EFB2CB77524009D71C0 /* Debug */,
				9A162EFC2CB77524009D71C0 /* Release */,
			);
			defaultConfigurationIsVisible = 0;
			defaultConfigurationName = Release;
		};
		9A162EFD2CB77524009D71C0 /* Build configuration list for PBXNativeTarget "ScreenshotAnimation" */ = {
			isa = XCConfigurationList;
			buildConfigurations = (
				9A162EFE2CB77524009D71C0 /* Debug */,
				9A162EFF2CB77524009D71C0 /* Release */,
			);
			defaultConfigurationIsVisible = 0;
			defaultConfigurationName = Release;
		};
		9A162F002CB77524009D71C0 /* Build configuration list for PBXNativeTarget "ScreenshotAnimationTests" */ = {
			isa = XCConfigurationList;
			buildConfigurations = (
				9A162F012CB77524009D71C0 /* Debug */,
				9A162F022CB77524009D71C0 /* Release */,
			);
			defaultConfigurationIsVisible = 0;
			defaultConfigurationName = Release;
		};
		9A162F032CB77524009D71C0 /* Build configuration list for PBXNativeTarget "ScreenshotAnimationUITests" */ = {
			isa = XCConfigurationList;
			buildConfigurations = (
				9A162F042CB77524009D71C0 /* Debug */,
				9A162F052CB77524009D71C0 /* Release */,
			);
			defaultConfigurationIsVisible = 0;
			defaultConfigurationName = Release;
		};
/* End XCConfigurationList section */
	};
	rootObject = 9A162ED12CB77523009D71C0 /* Project object */;
}
